
Microsoft Visual Studio Solution File, Format Version 12.00
# Visual Studio Version 17
VisualStudioVersion = 17.6.33606.364
MinimumVisualStudioVersion = 10.0.40219.1
Project("{9A19103F-16F7-4668-BE54-9A1E7A4F7556}") = "Aurora.Interfaces", "Aurora.Interfaces\Aurora.Interfaces.csproj", "{1BE15178-4628-450A-8E98-C1D9A9760E82}"
EndProject
Project("{2150E333-8FDC-42A3-9474-1A3956D46DE8}") = "1 - Interfaces", "1 - Interfaces", "{CA50200E-9D25-4245-8602-DE227FE69FDB}"
EndProject
Project("{2150E333-8FDC-42A3-9474-1A3956D46DE8}") = "2 - Grains", "2 - Grains", "{E84B0C39-307E-4ACE-A5B7-3C720A93E6F4}"
EndProject
Project("{2150E333-8FDC-42A3-9474-1A3956D46DE8}") = "4 - Clients", "4 - Clients", "{F77EF4EC-ACC9-4208-9349-D509F5186630}"
EndProject
Project("{9A19103F-16F7-4668-BE54-9A1E7A4F7556}") = "Aurora.Grains", "Aurora.Grains\Aurora.Grains.csproj", "{34098163-6BF3-4344-9993-F6E0E985B186}"
EndProject
Project("{9A19103F-16F7-4668-BE54-9A1E7A4F7556}") = "Aurora.Api", "Aurora.Api\Aurora.Api.csproj", "{D32EDA1F-2228-45C7-8FE7-4DAFE962D1FB}"
EndProject
Project("{9A19103F-16F7-4668-BE54-9A1E7A4F7556}") = "Aurora.Data.Interfaces", "Aurora.Data.Interfaces\Aurora.Data.Interfaces.csproj", "{7CC69AD6-FFC3-4C9E-8FF1-6A7D34B060DE}"
EndProject
Project("{9A19103F-16F7-4668-BE54-9A1E7A4F7556}") = "Aurora.Silo", "Aurora.Silo\Aurora.Silo.csproj", "{D53E8A14-BE9E-427F-BD48-F010FCA1A9CE}"
EndProject
Project("{2150E333-8FDC-42A3-9474-1A3956D46DE8}") = "3 - Silo", "3 - Silo", "{F1994BC8-10AB-477C-B9DA-825F5156C427}"
EndProject
Project("{9A19103F-16F7-4668-BE54-9A1E7A4F7556}") = "Aurora.Frontend", "Aurora.Frontend\Aurora.Frontend.csproj", "{EC21A630-9CE7-4230-B3CB-0F552EE7F08C}"
EndProject
Global
	GlobalSection(SolutionConfigurationPlatforms) = preSolution
		Debug|Any CPU = Debug|Any CPU
		Release|Any CPU = Release|Any CPU
	EndGlobalSection
	GlobalSection(ProjectConfigurationPlatforms) = postSolution
		{1BE15178-4628-450A-8E98-C1D9A9760E82}.Debug|Any CPU.ActiveCfg = Debug|Any CPU
		{1BE15178-4628-450A-8E98-C1D9A9760E82}.Debug|Any CPU.Build.0 = Debug|Any CPU
		{1BE15178-4628-450A-8E98-C1D9A9760E82}.Release|Any CPU.ActiveCfg = Release|Any CPU
		{1BE15178-4628-450A-8E98-C1D9A9760E82}.Release|Any CPU.Build.0 = Release|Any CPU
		{34098163-6BF3-4344-9993-F6E0E985B186}.Debug|Any CPU.ActiveCfg = Debug|Any CPU
		{34098163-6BF3-4344-9993-F6E0E985B186}.Debug|Any CPU.Build.0 = Debug|Any CPU
		{34098163-6BF3-4344-9993-F6E0E985B186}.Release|Any CPU.ActiveCfg = Release|Any CPU
		{34098163-6BF3-4344-9993-F6E0E985B186}.Release|Any CPU.Build.0 = Release|Any CPU
		{D32EDA1F-2228-45C7-8FE7-4DAFE962D1FB}.Debug|Any CPU.ActiveCfg = Debug|Any CPU
		{D32EDA1F-2228-45C7-8FE7-4DAFE962D1FB}.Debug|Any CPU.Build.0 = Debug|Any CPU
		{D32EDA1F-2228-45C7-8FE7-4DAFE962D1FB}.Release|Any CPU.ActiveCfg = Release|Any CPU
		{D32EDA1F-2228-45C7-8FE7-4DAFE962D1FB}.Release|Any CPU.Build.0 = Release|Any CPU
		{7CC69AD6-FFC3-4C9E-8FF1-6A7D34B060DE}.Debug|Any CPU.ActiveCfg = Debug|Any CPU
		{7CC69AD6-FFC3-4C9E-8FF1-6A7D34B060DE}.Debug|Any CPU.Build.0 = Debug|Any CPU
		{7CC69AD6-FFC3-4C9E-8FF1-6A7D34B060DE}.Release|Any CPU.ActiveCfg = Release|Any CPU
		{7CC69AD6-FFC3-4C9E-8FF1-6A7D34B060DE}.Release|Any CPU.Build.0 = Release|Any CPU
		{D53E8A14-BE9E-427F-BD48-F010FCA1A9CE}.Debug|Any CPU.ActiveCfg = Debug|Any CPU
		{D53E8A14-BE9E-427F-BD48-F010FCA1A9CE}.Debug|Any CPU.Build.0 = Debug|Any CPU
		{D53E8A14-BE9E-427F-BD48-F010FCA1A9CE}.Release|Any CPU.ActiveCfg = Release|Any CPU
		{D53E8A14-BE9E-427F-BD48-F010FCA1A9CE}.Release|Any CPU.Build.0 = Release|Any CPU
		{EC21A630-9CE7-4230-B3CB-0F552EE7F08C}.Debug|Any CPU.ActiveCfg = Debug|Any CPU
		{EC21A630-9CE7-4230-B3CB-0F552EE7F08C}.Debug|Any CPU.Build.0 = Debug|Any CPU
		{EC21A630-9CE7-4230-B3CB-0F552EE7F08C}.Release|Any CPU.ActiveCfg = Release|Any CPU
		{EC21A630-9CE7-4230-B3CB-0F552EE7F08C}.Release|Any CPU.Build.0 = Release|Any CPU
	EndGlobalSection
	GlobalSection(SolutionProperties) = preSolution
		HideSolutionNode = FALSE
	EndGlobalSection
	GlobalSection(NestedProjects) = preSolution
		{1BE15178-4628-450A-8E98-C1D9A9760E82} = {CA50200E-9D25-4245-8602-DE227FE69FDB}
		{34098163-6BF3-4344-9993-F6E0E985B186} = {E84B0C39-307E-4ACE-A5B7-3C720A93E6F4}
		{D32EDA1F-2228-45C7-8FE7-4DAFE962D1FB} = {F77EF4EC-ACC9-4208-9349-D509F5186630}
		{7CC69AD6-FFC3-4C9E-8FF1-6A7D34B060DE} = {CA50200E-9D25-4245-8602-DE227FE69FDB}
		{D53E8A14-BE9E-427F-BD48-F010FCA1A9CE} = {F1994BC8-10AB-477C-B9DA-825F5156C427}
		{EC21A630-9CE7-4230-B3CB-0F552EE7F08C} = {F77EF4EC-ACC9-4208-9349-D509F5186630}
	EndGlobalSection
	GlobalSection(ExtensibilityGlobals) = postSolution
		SolutionGuid = {90FED93A-058F-481E-B6B4-2DB488A9FBFE}
	EndGlobalSection
EndGlobal
